
Microsoft Visual Studio Solution File, Format Version 12.00
# Visual Studio 15
VisualStudioVersion = 15.0.26730.16
MinimumVisualStudioVersion = 10.0.40219.1
Project("{FAE04EC0-301F-11D3-BF4B-00C04F79EFBC}") = "TeknomediaNewsApi", "TeknomediaNewsApi\TeknomediaNewsApi.csproj", "{FB826DB7-736B-48A4-B234-71B8B0982D98}"
EndProject
Global
	GlobalSection(SolutionConfigurationPlatforms) = preSolution
		Debug|Any CPU = Debug|Any CPU
		Release|Any CPU = Release|Any CPU
	EndGlobalSection
	GlobalSection(ProjectConfigurationPlatforms) = postSolution
		{FB826DB7-736B-48A4-B234-71B8B0982D98}.Debug|Any CPU.ActiveCfg = Debug|Any CPU
		{FB826DB7-736B-48A4-B234-71B8B0982D98}.Debug|Any CPU.Build.0 = Debug|Any CPU
		{FB826DB7-736B-48A4-B234-71B8B0982D98}.Release|Any CPU.ActiveCfg = Release|Any CPU
		{FB826DB7-736B-48A4-B234-71B8B0982D98}.Release|Any CPU.Build.0 = Release|Any CPU
	EndGlobalSection
	GlobalSection(SolutionProperties) = preSolution
		HideSolutionNode = FALSE
	EndGlobalSection
	GlobalSection(ExtensibilityGlobals) = postSolution
		SolutionGuid = {64665A3C-BAC5-45DF-8500-55A32B81CBB9}
	EndGlobalSection
EndGlobal
